
Microsoft Visual Studio Solution File, Format Version 12.00
# Visual Studio Version 16
VisualStudioVersion = 16.0.29509.3
MinimumVisualStudioVersion = 10.0.40219.1
Project("{9A19103F-16F7-4668-BE54-9A1E7A4F7556}") = "Core", "Core\Core.csproj", "{9418A9E2-19D6-405B-8890-88831D450502}"
EndProject
Project("{FAE04EC0-301F-11D3-BF4B-00C04F79EFBC}") = "View", "View\View.csproj", "{5869FE48-BDBB-411E-8154-E87C8365E45D}"
EndProject
Global
	GlobalSection(SolutionConfigurationPlatforms) = preSolution
		Debug|Any CPU = Debug|Any CPU
		Release|Any CPU = Release|Any CPU
	EndGlobalSection
	GlobalSection(ProjectConfigurationPlatforms) = postSolution
		{9418A9E2-19D6-405B-8890-88831D450502}.Debug|Any CPU.ActiveCfg = Debug|Any CPU
		{9418A9E2-19D6-405B-8890-88831D450502}.Debug|Any CPU.Build.0 = Debug|Any CPU
		{9418A9E2-19D6-405B-8890-88831D450502}.Release|Any CPU.ActiveCfg = Release|Any CPU
		{9418A9E2-19D6-405B-8890-88831D450502}.Release|Any CPU.Build.0 = Release|Any CPU
		{5869FE48-BDBB-411E-8154-E87C8365E45D}.Debug|Any CPU.ActiveCfg = Debug|Any CPU
		{5869FE48-BDBB-411E-8154-E87C8365E45D}.Debug|Any CPU.Build.0 = Debug|Any CPU
		{5869FE48-BDBB-411E-8154-E87C8365E45D}.Release|Any CPU.ActiveCfg = Release|Any CPU
		{5869FE48-BDBB-411E-8154-E87C8365E45D}.Release|Any CPU.Build.0 = Release|Any CPU
	EndGlobalSection
	GlobalSection(SolutionProperties) = preSolution
		HideSolutionNode = FALSE
	EndGlobalSection
	GlobalSection(ExtensibilityGlobals) = postSolution
		SolutionGuid = {87609DCA-BF09-46D6-B7D4-FE7885D94518}
	EndGlobalSection
EndGlobal
